{
  "name": "accolades",
  "version": "1.0.0",
  "lockfileVersion": 3,
  "requires": true,
  "packages": {
    "": {
      "name": "accolades",
      "version": "1.0.0",
      "license": "MIT",
      "dependencies": {
        "@wise-old-man/utils": "^3.3.6"
      }
    },
    "node_modules/@wise-old-man/utils": {
      "version": "3.3.6",
      "resolved": "https://registry.npmjs.org/@wise-old-man/utils/-/utils-3.3.6.tgz",
      "integrity": "sha512-oRyXgcUXzcZWF8lxb4PkDYHO8uKf0LXtL3aeXTM7YRfX0uIzqrAVKdjO7bIU77mEEs6ZsMdmtgJ3nosQi9/Nkw==",
      "license": "ISC",
      "dependencies": {
        "dayjs": "^1.11.5"
      }
    },
    "node_modules/dayjs": {
      "version": "1.11.13",
      "resolved": "https://registry.npmjs.org/dayjs/-/dayjs-1.11.13.tgz",
      "integrity": "sha512-oaMBel6gjolK862uaPQOVTA7q3TZhuSvuMQAAglQDOWYO9A91IrAOUJEyKVlqJlHE0vq5p5UXxzdPfMH/x6xNg==",
      "license": "MIT"
    }
  }
}
